
Microsoft Visual Studio Solution File, Format Version 12.00
# Visual Studio Version 17
VisualStudioVersion = 17.6.33815.320
MinimumVisualStudioVersion = 10.0.40219.1
Project("{FAE04EC0-301F-11D3-BF4B-00C04F79EFBC}") = "Todo", "Todo.csproj", "{0FB6D5E9-92B4-4F24-893B-320E8EC53780}"
EndProject
Global
	GlobalSection(SolutionConfigurationPlatforms) = preSolution
		Debug|Any CPU = Debug|Any CPU
		Release|Any CPU = Release|Any CPU
	EndGlobalSection
	GlobalSection(ProjectConfigurationPlatforms) = postSolution
		{0FB6D5E9-92B4-4F24-893B-320E8EC53780}.Debug|Any CPU.ActiveCfg = Debug|Any CPU
		{0FB6D5E9-92B4-4F24-893B-320E8EC53780}.Debug|Any CPU.Build.0 = Debug|Any CPU
		{0FB6D5E9-92B4-4F24-893B-320E8EC53780}.Release|Any CPU.ActiveCfg = Release|Any CPU
		{0FB6D5E9-92B4-4F24-893B-320E8EC53780}.Release|Any CPU.Build.0 = Release|Any CPU
	EndGlobalSection
	GlobalSection(SolutionProperties) = preSolution
		HideSolutionNode = FALSE
	EndGlobalSection
	GlobalSection(ExtensibilityGlobals) = postSolution
		SolutionGuid = {B512EAED-529A-4015-BD44-4897FC582B1D}
	EndGlobalSection
EndGlobal
